
Microsoft Visual Studio Solution File, Format Version 12.00
# Visual Studio 15
VisualStudioVersion = 15.0.27130.2026
MinimumVisualStudioVersion = 10.0.40219.1
Project("{FAE04EC0-301F-11D3-BF4B-00C04F79EFBC}") = "UserRegistration", "UserRegistration\UserRegistration.csproj", "{9E663668-39B5-4BD3-A4CE-B3CED5DAC680}"
EndProject
Global
	GlobalSection(SolutionConfigurationPlatforms) = preSolution
		Debug|Any CPU = Debug|Any CPU
		Release|Any CPU = Release|Any CPU
	EndGlobalSection
	GlobalSection(ProjectConfigurationPlatforms) = postSolution
		{9E663668-39B5-4BD3-A4CE-B3CED5DAC680}.Debug|Any CPU.ActiveCfg = Debug|Any CPU
		{9E663668-39B5-4BD3-A4CE-B3CED5DAC680}.Debug|Any CPU.Build.0 = Debug|Any CPU
		{9E663668-39B5-4BD3-A4CE-B3CED5DAC680}.Release|Any CPU.ActiveCfg = Release|Any CPU
		{9E663668-39B5-4BD3-A4CE-B3CED5DAC680}.Release|Any CPU.Build.0 = Release|Any CPU
	EndGlobalSection
	GlobalSection(SolutionProperties) = preSolution
		HideSolutionNode = FALSE
	EndGlobalSection
	GlobalSection(ExtensibilityGlobals) = postSolution
		SolutionGuid = {8181F1E6-5014-4A5C-90A0-24F30D331CFC}
	EndGlobalSection
EndGlobal
